{
  "requires": true,
  "lockfileVersion": 1,
  "dependencies": {
    "mux-embed": {
      "version": "4.2.3",
      "resolved": "https://registry.npmjs.org/mux-embed/-/mux-embed-4.2.3.tgz",
      "integrity": "sha512-GZMKjm8nbzwYAtzqrNkLK9oimuNsxN3fJOB81BVUArlEdC7aQGZOL1eG/9q6iPrDwFjDjD++muHIuLXaujoCgA=="
    }
  }
}
